<?xml version="1.0" encoding="utf-8"?>
<Project ToolsVersion="4.0" xmlns="http://schemas.microsoft.com/developer/msbuild/2003">
  <ItemGroup>
    <Filter Include="Source Files">
      <UniqueIdentifier>{4FC737F1-C7A5-4376-A066-2A32D752A2FF}</UniqueIdentifier>
      <Extensions>cpp;c;cc;cxx;def;odl;idl;hpj;bat;asm;asmx</Extensions>
    </Filter>
    <Filter Include="Header Files">
      <UniqueIdentifier>{93995380-89BD-4b04-88EB-625FBE52EBFB}</UniqueIdentifier>
      <Extensions>h;hh;hpp;hxx;hm;inl;inc;xsd</Extensions>
    </Filter>
  </ItemGroup>
  <ItemGroup>
    <ClCompile Include="src\blink.c">
      <Filter>Source Files</Filter>
    </ClCompile>
    <ClCompile Include="src\test.c">
      <Filter>Source Files</Filter>
    </ClCompile>
    <ClCompile Include="src\AbortIO.c">
      <Filter>Source Files</Filter>
    </ClCompile>
    <ClCompile Include="src\AddDevice.c">
      <Filter>Source Files</Filter>
    </ClCompile>
    <ClCompile Include="src\AddHead.c">
      <Filter>Source Files</Filter>
    </ClCompile>
    <ClCompile Include="src\AddIntServer.c">
      <Filter>Source Files</Filter>
    </ClCompile>
    <ClCompile Include="src\AddLibrary.c">
      <Filter>Source Files</Filter>
    </ClCompile>
    <ClCompile Include="src\AddMemList.c">
      <Filter>Source Files</Filter>
    </ClCompile>
    <ClCompile Include="src\AddPort.c">
      <Filter>Source Files</Filter>
    </ClCompile>
    <ClCompile Include="src\AddResource.c">
      <Filter>Source Files</Filter>
    </ClCompile>
    <ClCompile Include="src\AddSemaphore.c">
      <Filter>Source Files</Filter>
    </ClCompile>
    <ClCompile Include="src\AddTail.c">
      <Filter>Source Files</Filter>
    </ClCompile>
    <ClCompile Include="src\AddTask.c">
      <Filter>Source Files</Filter>
    </ClCompile>
    <ClCompile Include="src\Alert.c">
      <Filter>Source Files</Filter>
    </ClCompile>
    <ClCompile Include="src\AllocAbs.c">
      <Filter>Source Files</Filter>
    </ClCompile>
    <ClCompile Include="src\Allocate.c">
      <Filter>Source Files</Filter>
    </ClCompile>
    <ClCompile Include="src\AllocMem.c">
      <Filter>Source Files</Filter>
    </ClCompile>
    <ClCompile Include="src\AllocPooled.c">
      <Filter>Source Files</Filter>
    </ClCompile>
    <ClCompile Include="src\AllocSignal.c">
      <Filter>Source Files</Filter>
    </ClCompile>
    <ClCompile Include="src\AllocTrap.c">
      <Filter>Source Files</Filter>
    </ClCompile>
    <ClCompile Include="src\AttemptSemaphore.c">
      <Filter>Source Files</Filter>
    </ClCompile>
    <ClCompile Include="src\AvailMem.c">
      <Filter>Source Files</Filter>
    </ClCompile>
    <ClCompile Include="src\Cause.c">
      <Filter>Source Files</Filter>
    </ClCompile>
    <ClCompile Include="src\CheckIO.c">
      <Filter>Source Files</Filter>
    </ClCompile>
    <ClCompile Include="src\CloseDevice.c">
      <Filter>Source Files</Filter>
    </ClCompile>
    <ClCompile Include="src\CloseLibrary.c">
      <Filter>Source Files</Filter>
    </ClCompile>
    <ClCompile Include="src\CopyMem.c">
      <Filter>Source Files</Filter>
    </ClCompile>
    <ClCompile Include="src\CopyMemQuick.c">
      <Filter>Source Files</Filter>
    </ClCompile>
    <ClCompile Include="src\CreateExtIO.c">
      <Filter>Source Files</Filter>
    </ClCompile>
    <ClCompile Include="src\CreateIORequest.c">
      <Filter>Source Files</Filter>
    </ClCompile>
    <ClCompile Include="src\CreateMsgPort.c">
      <Filter>Source Files</Filter>
    </ClCompile>
    <ClCompile Include="src\CreatePool.c">
      <Filter>Source Files</Filter>
    </ClCompile>
    <ClCompile Include="src\CreateTask.c">
      <Filter>Source Files</Filter>
    </ClCompile>
    <ClCompile Include="src\Deallocate.c">
      <Filter>Source Files</Filter>
    </ClCompile>
    <ClCompile Include="src\Debug.c">
      <Filter>Source Files</Filter>
    </ClCompile>
    <ClCompile Include="src\DeleteExtIO.c">
      <Filter>Source Files</Filter>
    </ClCompile>
    <ClCompile Include="src\DeleteIORequest.c">
      <Filter>Source Files</Filter>
    </ClCompile>
    <ClCompile Include="src\DeleteMsgPort.c">
      <Filter>Source Files</Filter>
    </ClCompile>
    <ClCompile Include="src\DeletePool.c">
      <Filter>Source Files</Filter>
    </ClCompile>
    <ClCompile Include="src\DeleteTask.c">
      <Filter>Source Files</Filter>
    </ClCompile>
    <ClCompile Include="src\Disable.c">
      <Filter>Source Files</Filter>
    </ClCompile>
    <ClCompile Include="src\DoIO.c">
      <Filter>Source Files</Filter>
    </ClCompile>
    <ClCompile Include="src\Enable.c">
      <Filter>Source Files</Filter>
    </ClCompile>
    <ClCompile Include="src\Enqueue.c">
      <Filter>Source Files</Filter>
    </ClCompile>
    <ClCompile Include="src\FindName.c">
      <Filter>Source Files</Filter>
    </ClCompile>
    <ClCompile Include="src\FindPort.c">
      <Filter>Source Files</Filter>
    </ClCompile>
    <ClCompile Include="src\FindSemaphore.c">
      <Filter>Source Files</Filter>
    </ClCompile>
    <ClCompile Include="src\FindTask.c">
      <Filter>Source Files</Filter>
    </ClCompile>
    <ClCompile Include="src\Forbid.c">
      <Filter>Source Files</Filter>
    </ClCompile>
    <ClCompile Include="src\FreeMem.c">
      <Filter>Source Files</Filter>
    </ClCompile>
    <ClCompile Include="src\FreePooled.c">
      <Filter>Source Files</Filter>
    </ClCompile>
    <ClCompile Include="src\FreeSignal.c">
      <Filter>Source Files</Filter>
    </ClCompile>
    <ClCompile Include="src\FreeTrap.c">
      <Filter>Source Files</Filter>
    </ClCompile>
    <ClCompile Include="src\GetHead.c">
      <Filter>Source Files</Filter>
    </ClCompile>
    <ClCompile Include="src\GetMsg.c">
      <Filter>Source Files</Filter>
    </ClCompile>
    <ClCompile Include="src\Halt.c">
      <Filter>Source Files</Filter>
    </ClCompile>
    <ClCompile Include="src\InitSemaphore.c">
      <Filter>Source Files</Filter>
    </ClCompile>
    <ClCompile Include="src\Insert.c">
      <Filter>Source Files</Filter>
    </ClCompile>
    <ClCompile Include="src\MakeLibrary.c">
      <Filter>Source Files</Filter>
    </ClCompile>
    <ClCompile Include="src\NewList.c">
      <Filter>Source Files</Filter>
    </ClCompile>
    <ClCompile Include="src\ObtainSemaphore.c">
      <Filter>Source Files</Filter>
    </ClCompile>
    <ClCompile Include="src\ObtainSemaphoreList.c">
      <Filter>Source Files</Filter>
    </ClCompile>
    <ClCompile Include="src\ObtainSemaphoreShared.c">
      <Filter>Source Files</Filter>
    </ClCompile>
    <ClCompile Include="src\OpenDevice.c">
      <Filter>Source Files</Filter>
    </ClCompile>
    <ClCompile Include="src\OpenLibrary.c">
      <Filter>Source Files</Filter>
    </ClCompile>
    <ClCompile Include="src\OpenResource.c">
      <Filter>Source Files</Filter>
    </ClCompile>
    <ClCompile Include="src\Permit.c">
      <Filter>Source Files</Filter>
    </ClCompile>
    <ClCompile Include="src\PutMsg.c">
      <Filter>Source Files</Filter>
    </ClCompile>
    <ClCompile Include="src\ReleaseSemaphore.c">
      <Filter>Source Files</Filter>
    </ClCompile>
    <ClCompile Include="src\ReleaseSemaphoreList.c">
      <Filter>Source Files</Filter>
    </ClCompile>
    <ClCompile Include="src\RemHead.c">
      <Filter>Source Files</Filter>
    </ClCompile>
    <ClCompile Include="src\RemIntServer.c">
      <Filter>Source Files</Filter>
    </ClCompile>
    <ClCompile Include="src\RemLibrary.c">
      <Filter>Source Files</Filter>
    </ClCompile>
    <ClCompile Include="src\Remove.c">
      <Filter>Source Files</Filter>
    </ClCompile>
    <ClCompile Include="src\RemPort.c">
      <Filter>Source Files</Filter>
    </ClCompile>
    <ClCompile Include="src\RemResource.c">
      <Filter>Source Files</Filter>
    </ClCompile>
    <ClCompile Include="src\RemSemaphore.c">
      <Filter>Source Files</Filter>
    </ClCompile>
    <ClCompile Include="src\RemTail.c">
      <Filter>Source Files</Filter>
    </ClCompile>
    <ClCompile Include="src\RemTask.c">
      <Filter>Source Files</Filter>
    </ClCompile>
    <ClCompile Include="src\ReplyMsg.c">
      <Filter>Source Files</Filter>
    </ClCompile>
    <ClCompile Include="src\SetFunction.c">
      <Filter>Source Files</Filter>
    </ClCompile>
    <ClCompile Include="src\SetIntVector.c">
      <Filter>Source Files</Filter>
    </ClCompile>
    <ClCompile Include="src\SetSignal.c">
      <Filter>Source Files</Filter>
    </ClCompile>
    <ClCompile Include="src\SetTaskPri.c">
      <Filter>Source Files</Filter>
    </ClCompile>
    <ClCompile Include="src\Signal.c">
      <Filter>Source Files</Filter>
    </ClCompile>
    <ClCompile Include="src\SumLibrary.c">
      <Filter>Source Files</Filter>
    </ClCompile>
    <ClCompile Include="src\TypeOfMem.c">
      <Filter>Source Files</Filter>
    </ClCompile>
    <ClCompile Include="src\Wait.c">
      <Filter>Source Files</Filter>
    </ClCompile>
    <ClCompile Include="src\WaitIO.c">
      <Filter>Source Files</Filter>
    </ClCompile>
  </ItemGroup>
  <ItemGroup>
    <None Include="src\colorbars.s">
      <Filter>Source Files</Filter>
    </None>
    <None Include="src\start.s">
      <Filter>Source Files</Filter>
    </None>
    <None Include="makefile" />
    <None Include="src\romheader.s" />
  </ItemGroup>
</Project>